// !$*UTF8*$!
{
	archiveVersion = 1;
	classes = {
	};
	objectVersion = 46;
	objects = {

/* Begin PBXBuildFile section */
		E08ED9E71AB74C0C00EAEB52 /* main.m in Sources */ = {isa = PBXBuildFile; fileRef = E08ED9E61AB74C0C00EAEB52 /* main.m */; };
		E08ED9EA1AB74C0C00EAEB52 /* AppDelegate.m in Sources */ = {isa = PBXBuildFile; fileRef = E08ED9E91AB74C0C00EAEB52 /* AppDelegate.m */; };
		E08ED9F01AB74C0C00EAEB52 /* Main.storyboard in Resources */ = {isa = PBXBuildFile; fileRef = E08ED9EE1AB74C0C00EAEB52 /* Main.storyboard */; };
		E08ED9F21AB74C0C00EAEB52 /* Images.xcassets in Resources */ = {isa = PBXBuildFile; fileRef = E08ED9F11AB74C0C00EAEB52 /* Images.xcassets */; };
		E08ED9F51AB74C0C00EAEB52 /* LaunchScreen.xib in Resources */ = {isa = PBXBuildFile; fileRef = E08ED9F31AB74C0C00EAEB52 /* LaunchScreen.xib */; };
		E08EDA011AB74C0C00EAEB52 /* JJSAssignement4_7Tests.m in Sources */ = {isa = PBXBuildFile; fileRef = E08EDA001AB74C0C00EAEB52 /* JJSAssignement4_7Tests.m */; };
		E08EDA0D1AB74C2B00EAEB52 /* WebDetailViewController.m in Sources */ = {isa = PBXBuildFile; fileRef = E08EDA0B1AB74C2B00EAEB52 /* WebDetailViewController.m */; };
		E08EDA0E1AB74C2B00EAEB52 /* WebDetailViewController.xib in Resources */ = {isa = PBXBuildFile; fileRef = E08EDA0C1AB74C2B00EAEB52 /* WebDetailViewController.xib */; };
		E08EDA121AB74C4E00EAEB52 /* MainTableViewController.m in Sources */ = {isa = PBXBuildFile; fileRef = E08EDA101AB74C4E00EAEB52 /* MainTableViewController.m */; };
		E08EDA131AB74C4E00EAEB52 /* MainTableViewController.xib in Resources */ = {isa = PBXBuildFile; fileRef = E08EDA111AB74C4E00EAEB52 /* MainTableViewController.xib */; };
/* End PBXBuildFile section */

/* Begin PBXContainerItemProxy section */
		E08ED9FB1AB74C0C00EAEB52 /* PBXContainerItemProxy */ = {
			isa = PBXContainerItemProxy;
			containerPortal = E08ED9D91AB74C0C00EAEB52 /* Project object */;
			proxyType = 1;
			remoteGlobalIDString = E08ED9E01AB74C0C00EAEB52;
			remoteInfo = JJSAssignement4.7;
		};
/* End PBXContainerItemProxy section */

/* Begin PBXFileReference section */
		E08ED9E11AB74C0C00EAEB52 /* JJSAssignement4.7.app */ = {isa = PBXFileReference; explicitFileType = wrapper.application; includeInIndex = 0; path = JJSAssignement4.7.app; sourceTree = BUILT_PRODUCTS_DIR; };
		E08ED9E51AB74C0C00EAEB52 /* Info.plist */ = {isa = PBXFileReference; lastKnownFileType = text.plist.xml; path = Info.plist; sourceTree = "<group>"; };
		E08ED9E61AB74C0C00EAEB52 /* main.m */ = {isa = PBXFileReference; lastKnownFileType = sourcecode.c.objc; path = main.m; sourceTree = "<group>"; };
		E08ED9E81AB74C0C00EAEB52 /* AppDelegate.h */ = {isa = PBXFileReference; lastKnownFileType = sourcecode.c.h; path = AppDelegate.h; sourceTree = "<group>"; };
		E08ED9E91AB74C0C00EAEB52 /* AppDelegate.m */ = {isa = PBXFileReference; lastKnownFileType = sourcecode.c.objc; path = AppDelegate.m; sourceTree = "<group>"; };
		E08ED9EF1AB74C0C00EAEB52 /* Base */ = {isa = PBXFileReference; lastKnownFileType = file.storyboard; name = Base; path = Base.lproj/Main.storyboard; sourceTree = "<group>"; };
		E08ED9F11AB74C0C00EAEB52 /* Images.xcassets */ = {isa = PBXFileReference; lastKnownFileType = folder.assetcatalog; path = Images.xcassets; sourceTree = "<group>"; };
		E08ED9F41AB74C0C00EAEB52 /* Base */ = {isa = PBXFileReference; lastKnownFileType = file.xib; name = Base; path = Base.lproj/LaunchScreen.xib; sourceTree = "<group>"; };
		E08ED9FA1AB74C0C00EAEB52 /* JJSAssignement4.7Tests.xctest */ = {isa = PBXFileReference; explicitFileType = wrapper.cfbundle; includeInIndex = 0; path = JJSAssignement4.7Tests.xctest; sourceTree = BUILT_PRODUCTS_DIR; };
		E08ED9FF1AB74C0C00EAEB52 /* Info.plist */ = {isa = PBXFileReference; lastKnownFileType = text.plist.xml; path = Info.plist; sourceTree = "<group>"; };
		E08EDA001AB74C0C00EAEB52 /* JJSAssignement4_7Tests.m */ = {isa = PBXFileReference; lastKnownFileType = sourcecode.c.objc; path = JJSAssignement4_7Tests.m; sourceTree = "<group>"; };
		E08EDA0A1AB74C2B00EAEB52 /* WebDetailViewController.h */ = {isa = PBXFileReference; fileEncoding = 4; lastKnownFileType = sourcecode.c.h; name = WebDetailViewController.h; path = ../WebDetailViewController.h; sourceTree = "<group>"; };
		E08EDA0B1AB74C2B00EAEB52 /* WebDetailViewController.m */ = {isa = PBXFileReference; fileEncoding = 4; lastKnownFileType = sourcecode.c.objc; name = WebDetailViewController.m; path = ../WebDetailViewController.m; sourceTree = "<group>"; };
		E08EDA0C1AB74C2B00EAEB52 /* WebDetailViewController.xib */ = {isa = PBXFileReference; fileEncoding = 4; lastKnownFileType = file.xib; name = WebDetailViewController.xib; path = ../WebDetailViewController.xib; sourceTree = "<group>"; };
		E08EDA0F1AB74C4E00EAEB52 /* MainTableViewController.h */ = {isa = PBXFileReference; fileEncoding = 4; lastKnownFileType = sourcecode.c.h; name = MainTableViewController.h; path = ../MainTableViewController.h; sourceTree = "<group>"; };
		E08EDA101AB74C4E00EAEB52 /* MainTableViewController.m */ = {isa = PBXFileReference; fileEncoding = 4; lastKnownFileType = sourcecode.c.objc; name = MainTableViewController.m; path = ../MainTableViewController.m; sourceTree = "<group>"; };
		E08EDA111AB74C4E00EAEB52 /* MainTableViewController.xib */ = {isa = PBXFileReference; fileEncoding = 4; lastKnownFileType = file.xib; name = MainTableViewController.xib; path = ../MainTableViewController.xib; sourceTree = "<group>"; };
/* End PBXFileReference section */

/* Begin PBXFrameworksBuildPhase section */
		E08ED9DE1AB74C0C00EAEB52 /* Frameworks */ = {
			isa = PBXFrameworksBuildPhase;
			buildActionMask = 2147483647;
			files = (
			);
			runOnlyForDeploymentPostprocessing = 0;
		};
		E08ED9F71AB74C0C00EAEB52 /* Frameworks */ = {
			isa = PBXFrameworksBuildPhase;
			buildActionMask = 2147483647;
			files = (
			);
			runOnlyForDeploymentPostprocessing = 0;
		};
/* End PBXFrameworksBuildPhase section */

/* Begin PBXGroup section */
		E08ED9D81AB74C0C00EAEB52 = {
			isa = PBXGroup;
			children = (
				E08ED9E31AB74C0C00EAEB52 /* JJSAssignement4.7 */,
				E08ED9FD1AB74C0C00EAEB52 /* JJSAssignement4.7Tests */,
				E08ED9E21AB74C0C00EAEB52 /* Products */,
			);
			sourceTree = "<group>";
		};
		E08ED9E21AB74C0C00EAEB52 /* Products */ = {
			isa = PBXGroup;
			children = (
				E08ED9E11AB74C0C00EAEB52 /* JJSAssignement4.7.app */,
				E08ED9FA1AB74C0C00EAEB52 /* JJSAssignement4.7Tests.xctest */,
			);
			name = Products;
			sourceTree = "<group>";
		};
		E08ED9E31AB74C0C00EAEB52 /* JJSAssignement4.7 */ = {
			isa = PBXGroup;
			children = (
				E08ED9E81AB74C0C00EAEB52 /* AppDelegate.h */,
				E08ED9E91AB74C0C00EAEB52 /* AppDelegate.m */,
				E08EDA0A1AB74C2B00EAEB52 /* WebDetailViewController.h */,
				E08EDA0B1AB74C2B00EAEB52 /* WebDetailViewController.m */,
				E08EDA0C1AB74C2B00EAEB52 /* WebDetailViewController.xib */,
				E08EDA0F1AB74C4E00EAEB52 /* MainTableViewController.h */,
				E08EDA101AB74C4E00EAEB52 /* MainTableViewController.m */,
				E08EDA111AB74C4E00EAEB52 /* MainTableViewController.xib */,
				E08ED9EE1AB74C0C00EAEB52 /* Main.storyboard */,
				E08ED9F11AB74C0C00EAEB52 /* Images.xcassets */,
				E08ED9F31AB74C0C00EAEB52 /* LaunchScreen.xib */,
				E08ED9E41AB74C0C00EAEB52 /* Supporting Files */,
			);
			path = JJSAssignement4.7;
			sourceTree = "<group>";
		};
		E08ED9E41AB74C0C00EAEB52 /* Supporting Files */ = {
			isa = PBXGroup;
			children = (
				E08ED9E51AB74C0C00EAEB52 /* Info.plist */,
				E08ED9E61AB74C0C00EAEB52 /* main.m */,
			);
			name = "Supporting Files";
			sourceTree = "<group>";
		};
		E08ED9FD1AB74C0C00EAEB52 /* JJSAssignement4.7Tests */ = {
			isa = PBXGroup;
			children = (
				E08EDA001AB74C0C00EAEB52 /* JJSAssignement4_7Tests.m */,
				E08ED9FE1AB74C0C00EAEB52 /* Supporting Files */,
			);
			path = JJSAssignement4.7Tests;
			sourceTree = "<group>";
		};
		E08ED9FE1AB74C0C00EAEB52 /* Supporting Files */ = {
			isa = PBXGroup;
			children = (
				E08ED9FF1AB74C0C00EAEB52 /* Info.plist */,
			);
			name = "Supporting Files";
			sourceTree = "<group>";
		};
/* End PBXGroup section */

/* Begin PBXNativeTarget section */
		E08ED9E01AB74C0C00EAEB52 /* JJSAssignement4.7 */ = {
			isa = PBXNativeTarget;
			buildConfigurationList = E08EDA041AB74C0C00EAEB52 /* Build configuration list for PBXNativeTarget "JJSAssignement4.7" */;
			buildPhases = (
				E08ED9DD1AB74C0C00EAEB52 /* Sources */,
				E08ED9DE1AB74C0C00EAEB52 /* Frameworks */,
				E08ED9DF1AB74C0C00EAEB52 /* Resources */,
			);
			buildRules = (
			);
			dependencies = (
			);
			name = JJSAssignement4.7;
			productName = JJSAssignement4.7;
			productReference = E08ED9E11AB74C0C00EAEB52 /* JJSAssignement4.7.app */;
			productType = "com.apple.product-type.application";
		};
		E08ED9F91AB74C0C00EAEB52 /* JJSAssignement4.7Tests */ = {
			isa = PBXNativeTarget;
			buildConfigurationList = E08EDA071AB74C0C00EAEB52 /* Build configuration list for PBXNativeTarget "JJSAssignement4.7Tests" */;
			buildPhases = (
				E08ED9F61AB74C0C00EAEB52 /* Sources */,
				E08ED9F71AB74C0C00EAEB52 /* Frameworks */,
				E08ED9F81AB74C0C00EAEB52 /* Resources */,
			);
			buildRules = (
			);
			dependencies = (
				E08ED9FC1AB74C0C00EAEB52 /* PBXTargetDependency */,
			);
			name = JJSAssignement4.7Tests;
			productName = JJSAssignement4.7Tests;
			productReference = E08ED9FA1AB74C0C00EAEB52 /* JJSAssignement4.7Tests.xctest */;
			productType = "com.apple.product-type.bundle.unit-test";
		};
/* End PBXNativeTarget section */

/* Begin PBXProject section */
		E08ED9D91AB74C0C00EAEB52 /* Project object */ = {
			isa = PBXProject;
			attributes = {
				LastUpgradeCheck = 0610;
				ORGANIZATIONNAME = "Jason Santo";
				TargetAttributes = {
					E08ED9E01AB74C0C00EAEB52 = {
						CreatedOnToolsVersion = 6.1.1;
					};
					E08ED9F91AB74C0C00EAEB52 = {
						CreatedOnToolsVersion = 6.1.1;
						TestTargetID = E08ED9E01AB74C0C00EAEB52;
					};
				};
			};
			buildConfigurationList = E08ED9DC1AB74C0C00EAEB52 /* Build configuration list for PBXProject "JJSAssignement4.7" */;
			compatibilityVersion = "Xcode 3.2";
			developmentRegion = English;
			hasScannedForEncodings = 0;
			knownRegions = (
				en,
				Base,
			);
			mainGroup = E08ED9D81AB74C0C00EAEB52;
			productRefGroup = E08ED9E21AB74C0C00EAEB52 /* Products */;
			projectDirPath = "";
			projectRoot = "";
			targets = (
				E08ED9E01AB74C0C00EAEB52 /* JJSAssignement4.7 */,
				E08ED9F91AB74C0C00EAEB52 /* JJSAssignement4.7Tests */,
			);
		};
/* End PBXProject section */

/* Begin PBXResourcesBuildPhase section */
		E08ED9DF1AB74C0C00EAEB52 /* Resources */ = {
			isa = PBXResourcesBuildPhase;
			buildActionMask = 2147483647;
			files = (
				E08EDA0E1AB74C2B00EAEB52 /* WebDetailViewController.xib in Resources */,
				E08EDA131AB74C4E00EAEB52 /* MainTableViewController.xib in Resources */,
				E08ED9F01AB74C0C00EAEB52 /* Main.storyboard in Resources */,
				E08ED9F51AB74C0C00EAEB52 /* LaunchScreen.xib in Resources */,
				E08ED9F21AB74C0C00EAEB52 /* Images.xcassets in Resources */,
			);
			runOnlyForDeploymentPostprocessing = 0;
		};
		E08ED9F81AB74C0C00EAEB52 /* Resources */ = {
			isa = PBXResourcesBuildPhase;
			buildActionMask = 2147483647;
			files = (
			);
			runOnlyForDeploymentPostprocessing = 0;
		};
/* End PBXResourcesBuildPhase section */

/* Begin PBXSourcesBuildPhase section */
		E08ED9DD1AB74C0C00EAEB52 /* Sources */ = {
			isa = PBXSourcesBuildPhase;
			buildActionMask = 2147483647;
			files = (
				E08EDA0D1AB74C2B00EAEB52 /* WebDetailViewController.m in Sources */,
				E08ED9EA1AB74C0C00EAEB52 /* AppDelegate.m in Sources */,
				E08EDA121AB74C4E00EAEB52 /* MainTableViewController.m in Sources */,
				E08ED9E71AB74C0C00EAEB52 /* main.m in Sources */,
			);
			runOnlyForDeploymentPostprocessing = 0;
		};
		E08ED9F61AB74C0C00EAEB52 /* Sources */ = {
			isa = PBXSourcesBuildPhase;
			buildActionMask = 2147483647;
			files = (
				E08EDA011AB74C0C00EAEB52 /* JJSAssignement4_7Tests.m in Sources */,
			);
			runOnlyForDeploymentPostprocessing = 0;
		};
/* End PBXSourcesBuildPhase section */

/* Begin PBXTargetDependency section */
		E08ED9FC1AB74C0C00EAEB52 /* PBXTargetDependency */ = {
			isa = PBXTargetDependency;
			target = E08ED9E01AB74C0C00EAEB52 /* JJSAssignement4.7 */;
			targetProxy = E08ED9FB1AB74C0C00EAEB52 /* PBXContainerItemProxy */;
		};
/* End PBXTargetDependency section */

/* Begin PBXVariantGroup section */
		E08ED9EE1AB74C0C00EAEB52 /* Main.storyboard */ = {
			isa = PBXVariantGroup;
			children = (
				E08ED9EF1AB74C0C00EAEB52 /* Base */,
			);
			name = Main.storyboard;
			sourceTree = "<group>";
		};
		E08ED9F31AB74C0C00EAEB52 /* LaunchScreen.xib */ = {
			isa = PBXVariantGroup;
			children = (
				E08ED9F41AB74C0C00EAEB52 /* Base */,
			);
			name = LaunchScreen.xib;
			sourceTree = "<group>";
		};
/* End PBXVariantGroup section */

/* Begin XCBuildConfiguration section */
		E08EDA021AB74C0C00EAEB52 /* Debug */ = {
			isa = XCBuildConfiguration;
			buildSettings = {
				ALWAYS_SEARCH_USER_PATHS = NO;
				CLANG_CXX_LANGUAGE_STANDARD = "gnu++0x";
				CLANG_CXX_LIBRARY = "libc++";
				CLANG_ENABLE_MODULES = YES;
				CLANG_ENABLE_OBJC_ARC = YES;
				CLANG_WARN_BOOL_CONVERSION = YES;
				CLANG_WARN_CONSTANT_CONVERSION = YES;
				CLANG_WARN_DIRECT_OBJC_ISA_USAGE = YES_ERROR;
				CLANG_WARN_EMPTY_BODY = YES;
				CLANG_WARN_ENUM_CONVERSION = YES;
				CLANG_WARN_INT_CONVERSION = YES;
				CLANG_WARN_OBJC_ROOT_CLASS = YES_ERROR;
				CLANG_WARN_UNREACHABLE_CODE = YES;
				CLANG_WARN__DUPLICATE_METHOD_MATCH = YES;
				"CODE_SIGN_IDENTITY[sdk=iphoneos*]" = "iPhone Developer";
				COPY_PHASE_STRIP = NO;
				ENABLE_STRICT_OBJC_MSGSEND = YES;
				GCC_C_LANGUAGE_STANDARD = gnu99;
				GCC_DYNAMIC_NO_PIC = NO;
				GCC_OPTIMIZATION_LEVEL = 0;
				GCC_PREPROCESSOR_DEFINITIONS = (
					"DEBUG=1",
					"$(inherited)",
				);
				GCC_SYMBOLS_PRIVATE_EXTERN = NO;
				GCC_WARN_64_TO_32_BIT_CONVERSION = YES;
				GCC_WARN_ABOUT_RETURN_TYPE = YES_ERROR;
				GCC_WARN_UNDECLARED_SELECTOR = YES;
				GCC_WARN_UNINITIALIZED_AUTOS = YES_AGGRESSIVE;
				GCC_WARN_UNUSED_FUNCTION = YES;
				GCC_WARN_UNUSED_VARIABLE = YES;
				IPHONEOS_DEPLOYMENT_TARGET = 8.1;
				MTL_ENABLE_DEBUG_INFO = YES;
				ONLY_ACTIVE_ARCH = YES;
				SDKROOT = iphoneos;
			};
			name = Debug;
		};
		E08EDA031AB74C0C00EAEB52 /* Release */ = {
			isa = XCBuildConfiguration;
			buildSettings = {
				ALWAYS_SEARCH_USER_PATHS = NO;
				CLANG_CXX_LANGUAGE_STANDARD = "gnu++0x";
				CLANG_CXX_LIBRARY = "libc++";
				CLANG_ENABLE_MODULES = YES;
				CLANG_ENABLE_OBJC_ARC = YES;
				CLANG_WARN_BOOL_CONVERSION = YES;
				CLANG_WARN_CONSTANT_CONVERSION = YES;
				CLANG_WARN_DIRECT_OBJC_ISA_USAGE = YES_ERROR;
				CLANG_WARN_EMPTY_BODY = YES;
				CLANG_WARN_ENUM_CONVERSION = YES;
				CLANG_WARN_INT_CONVERSION = YES;
				CLANG_WARN_OBJC_ROOT_CLASS = YES_ERROR;
				CLANG_WARN_UNREACHABLE_CODE = YES;
				CLANG_WARN__DUPLICATE_METHOD_MATCH = YES;
				"CODE_SIGN_IDENTITY[sdk=iphoneos*]" = "iPhone Developer";
				COPY_PHASE_STRIP = YES;
				ENABLE_NS_ASSERTIONS = NO;
				ENABLE_STRICT_OBJC_MSGSEND = YES;
				GCC_C_LANGUAGE_STANDARD = gnu99;
				GCC_WARN_64_TO_32_BIT_CONVERSION = YES;
				GCC_WARN_ABOUT_RETURN_TYPE = YES_ERROR;
				GCC_WARN_UNDECLARED_SELECTOR = YES;
				GCC_WARN_UNINITIALIZED_AUTOS = YES_AGGRESSIVE;
				GCC_WARN_UNUSED_FUNCTION = YES;
				GCC_WARN_UNUSED_VARIABLE = YES;
				IPHONEOS_DEPLOYMENT_TARGET = 8.1;
				MTL_ENABLE_DEBUG_INFO = NO;
				SDKROOT = iphoneos;
				VALIDATE_PRODUCT = YES;
			};
			name = Release;
		};
		E08EDA051AB74C0C00EAEB52 /* Debug */ = {
			isa = XCBuildConfiguration;
			buildSettings = {
				ASSETCATALOG_COMPILER_APPICON_NAME = AppIcon;
				INFOPLIST_FILE = JJSAssignement4.7/Info.plist;
				LD_RUNPATH_SEARCH_PATHS = "$(inherited) @executable_path/Frameworks";
				PRODUCT_NAME = "$(TARGET_NAME)";
			};
			name = Debug;
		};
		E08EDA061AB74C0C00EAEB52 /* Release */ = {
			isa = XCBuildConfiguration;
			buildSettings = {
				ASSETCATALOG_COMPILER_APPICON_NAME = AppIcon;
				INFOPLIST_FILE = JJSAssignement4.7/Info.plist;
				LD_RUNPATH_SEARCH_PATHS = "$(inherited) @executable_path/Frameworks";
				PRODUCT_NAME = "$(TARGET_NAME)";
			};
			name = Release;
		};
		E08EDA081AB74C0C00EAEB52 /* Debug */ = {
			isa = XCBuildConfiguration;
			buildSettings = {
				BUNDLE_LOADER = "$(TEST_HOST)";
				FRAMEWORK_SEARCH_PATHS = (
					"$(SDKROOT)/Developer/Library/Frameworks",
					"$(inherited)",
				);
				GCC_PREPROCESSOR_DEFINITIONS = (
					"DEBUG=1",
					"$(inherited)",
				);
				INFOPLIST_FILE = JJSAssignement4.7Tests/Info.plist;
				LD_RUNPATH_SEARCH_PATHS = "$(inherited) @executable_path/Frameworks @loader_path/Frameworks";
				PRODUCT_NAME = "$(TARGET_NAME)";
				TEST_HOST = "$(BUILT_PRODUCTS_DIR)/JJSAssignement4.7.app/JJSAssignement4.7";
			};
			name = Debug;
		};
		E08EDA091AB74C0C00EAEB52 /* Release */ = {
			isa = XCBuildConfiguration;
			buildSettings = {
				BUNDLE_LOADER = "$(TEST_HOST)";
				FRAMEWORK_SEARCH_PATHS = (
					"$(SDKROOT)/Developer/Library/Frameworks",
					"$(inherited)",
				);
				INFOPLIST_FILE = JJSAssignement4.7Tests/Info.plist;
				LD_RUNPATH_SEARCH_PATHS = "$(inherited) @executable_path/Frameworks @loader_path/Frameworks";
				PRODUCT_NAME = "$(TARGET_NAME)";
				TEST_HOST = "$(BUILT_PRODUCTS_DIR)/JJSAssignement4.7.app/JJSAssignement4.7";
			};
			name = Release;
		};
/* End XCBuildConfiguration section */

/* Begin XCConfigurationList section */
		E08ED9DC1AB74C0C00EAEB52 /* Build configuration list for PBXProject "JJSAssignement4.7" */ = {
			isa = XCConfigurationList;
			buildConfigurations = (
				E08EDA021AB74C0C00EAEB52 /* Debug */,
				E08EDA031AB74C0C00EAEB52 /* Release */,
			);
			defaultConfigurationIsVisible = 0;
			defaultConfigurationName = Release;
		};
		E08EDA041AB74C0C00EAEB52 /* Build configuration list for PBXNativeTarget "JJSAssignement4.7" */ = {
			isa = XCConfigurationList;
			buildConfigurations = (
				E08EDA051AB74C0C00EAEB52 /* Debug */,
				E08EDA061AB74C0C00EAEB52 /* Release */,
			);
			defaultConfigurationIsVisible = 0;
		};
		E08EDA071AB74C0C00EAEB52 /* Build configuration list for PBXNativeTarget "JJSAssignement4.7Tests" */ = {
			isa = XCConfigurationList;
			buildConfigurations = (
				E08EDA081AB74C0C00EAEB52 /* Debug */,
				E08EDA091AB74C0C00EAEB52 /* Release */,
			);
			defaultConfigurationIsVisible = 0;
		};
/* End XCConfigurationList section */
	};
	rootObject = E08ED9D91AB74C0C00EAEB52 /* Project object */;
}
